// !$*UTF8*$!
{
	archiveVersion = 1;
	classes = {
	};
	objectVersion = 77;
	objects = {

/* Begin PBXContainerItemProxy section */
		3A74FCD02DB40A4900788DD3 /* PBXContainerItemProxy */ = {
			isa = PBXContainerItemProxy;
			containerPortal = 3A74FCBA2DB40A4700788DD3 /* Project object */;
			proxyType = 1;
			remoteGlobalIDString = 3A74FCC12DB40A4700788DD3;
			remoteInfo = airaloAssignment;
		};
		3A74FCDA2DB40A4900788DD3 /* PBXContainerItemProxy */ = {
			isa = PBXContainerItemProxy;
			containerPortal = 3A74FCBA2DB40A4700788DD3 /* Project object */;
			proxyType = 1;
			remoteGlobalIDString = 3A74FCC12DB40A4700788DD3;
			remoteInfo = airaloAssignment;
		};
/* End PBXContainerItemProxy section */

/* Begin PBXFileReference section */
		3A74FCC22DB40A4700788DD3 /* airaloAssignment.app */ = {isa = PBXFileReference; explicitFileType = wrapper.application; includeInIndex = 0; path = airaloAssignment.app; sourceTree = BUILT_PRODUCTS_DIR; };
		3A74FCCF2DB40A4900788DD3 /* airaloAssignmentTests.xctest */ = {isa = PBXFileReference; explicitFileType = wrapper.cfbundle; includeInIndex = 0; path = airaloAssignmentTests.xctest; sourceTree = BUILT_PRODUCTS_DIR; };
		3A74FCD92DB40A4900788DD3 /* airaloAssignmentUITests.xctest */ = {isa = PBXFileReference; explicitFileType = wrapper.cfbundle; includeInIndex = 0; path = airaloAssignmentUITests.xctest; sourceTree = BUILT_PRODUCTS_DIR; };
/* End PBXFileReference section */

/* Begin PBXFileSystemSynchronizedRootGroup section */
		3A74FCC42DB40A4700788DD3 /* airaloAssignment */ = {
			isa = PBXFileSystemSynchronizedRootGroup;
			path = airaloAssignment;
			sourceTree = "<group>";
		};
		3A74FCD22DB40A4900788DD3 /* airaloAssignmentTests */ = {
			isa = PBXFileSystemSynchronizedRootGroup;
			path = airaloAssignmentTests;
			sourceTree = "<group>";
		};
		3A74FCDC2DB40A4900788DD3 /* airaloAssignmentUITests */ = {
			isa = PBXFileSystemSynchronizedRootGroup;
			path = airaloAssignmentUITests;
			sourceTree = "<group>";
		};
/* End PBXFileSystemSynchronizedRootGroup section */

/* Begin PBXFrameworksBuildPhase section */
		3A74FCBF2DB40A4700788DD3 /* Frameworks */ = {
			isa = PBXFrameworksBuildPhase;
			buildActionMask = 2147483647;
			files = (
			);
			runOnlyForDeploymentPostprocessing = 0;
		};
		3A74FCCC2DB40A4900788DD3 /* Frameworks */ = {
			isa = PBXFrameworksBuildPhase;
			buildActionMask = 2147483647;
			files = (
			);
			runOnlyForDeploymentPostprocessing = 0;
		};
		3A74FCD62DB40A4900788DD3 /* Frameworks */ = {
			isa = PBXFrameworksBuildPhase;
			buildActionMask = 2147483647;
			files = (
			);
			runOnlyForDeploymentPostprocessing = 0;
		};
/* End PBXFrameworksBuildPhase section */

/* Begin PBXGroup section */
		3A74FCB92DB40A4700788DD3 = {
			isa = PBXGroup;
			children = (
				3A74FCC42DB40A4700788DD3 /* airaloAssignment */,
				3A74FCD22DB40A4900788DD3 /* airaloAssignmentTests */,
				3A74FCDC2DB40A4900788DD3 /* airaloAssignmentUITests */,
				3A74FCC32DB40A4700788DD3 /* Products */,
			);
			sourceTree = "<group>";
		};
		3A74FCC32DB40A4700788DD3 /* Products */ = {
			isa = PBXGroup;
			children = (
				3A74FCC22DB40A4700788DD3 /* airaloAssignment.app */,
				3A74FCCF2DB40A4900788DD3 /* airaloAssignmentTests.xctest */,
				3A74FCD92DB40A4900788DD3 /* airaloAssignmentUITests.xctest */,
			);
			name = Products;
			sourceTree = "<group>";
		};
/* End PBXGroup section */

/* Begin PBXNativeTarget section */
		3A74FCC12DB40A4700788DD3 /* airaloAssignment */ = {
			isa = PBXNativeTarget;
			buildConfigurationList = 3A74FCE32DB40A4900788DD3 /* Build configuration list for PBXNativeTarget "airaloAssignment" */;
			buildPhases = (
				3A74FCBE2DB40A4700788DD3 /* Sources */,
				3A74FCBF2DB40A4700788DD3 /* Frameworks */,
				3A74FCC02DB40A4700788DD3 /* Resources */,
			);
			buildRules = (
			);
			dependencies = (
			);
			fileSystemSynchronizedGroups = (
				3A74FCC42DB40A4700788DD3 /* airaloAssignment */,
			);
			name = airaloAssignment;
			packageProductDependencies = (
			);
			productName = airaloAssignment;
			productReference = 3A74FCC22DB40A4700788DD3 /* airaloAssignment.app */;
			productType = "com.apple.product-type.application";
		};
		3A74FCCE2DB40A4900788DD3 /* airaloAssignmentTests */ = {
			isa = PBXNativeTarget;
			buildConfigurationList = 3A74FCE62DB40A4900788DD3 /* Build configuration list for PBXNativeTarget "airaloAssignmentTests" */;
			buildPhases = (
				3A74FCCB2DB40A4900788DD3 /* Sources */,
				3A74FCCC2DB40A4900788DD3 /* Frameworks */,
				3A74FCCD2DB40A4900788DD3 /* Resources */,
			);
			buildRules = (
			);
			dependencies = (
				3A74FCD12DB40A4900788DD3 /* PBXTargetDependency */,
			);
			fileSystemSynchronizedGroups = (
				3A74FCD22DB40A4900788DD3 /* airaloAssignmentTests */,
			);
			name = airaloAssignmentTests;
			packageProductDependencies = (
			);
			productName = airaloAssignmentTests;
			productReference = 3A74FCCF2DB40A4900788DD3 /* airaloAssignmentTests.xctest */;
			productType = "com.apple.product-type.bundle.unit-test";
		};
		3A74FCD82DB40A4900788DD3 /* airaloAssignmentUITests */ = {
			isa = PBXNativeTarget;
			buildConfigurationList = 3A74FCE92DB40A4900788DD3 /* Build configuration list for PBXNativeTarget "airaloAssignmentUITests" */;
			buildPhases = (
				3A74FCD52DB40A4900788DD3 /* Sources */,
				3A74FCD62DB40A4900788DD3 /* Frameworks */,
				3A74FCD72DB40A4900788DD3 /* Resources */,
			);
			buildRules = (
			);
			dependencies = (
				3A74FCDB2DB40A4900788DD3 /* PBXTargetDependency */,
			);
			fileSystemSynchronizedGroups = (
				3A74FCDC2DB40A4900788DD3 /* airaloAssignmentUITests */,
			);
			name = airaloAssignmentUITests;
			packageProductDependencies = (
			);
			productName = airaloAssignmentUITests;
			productReference = 3A74FCD92DB40A4900788DD3 /* airaloAssignmentUITests.xctest */;
			productType = "com.apple.product-type.bundle.ui-testing";
		};
/* End PBXNativeTarget section */

/* Begin PBXProject section */
		3A74FCBA2DB40A4700788DD3 /* Project object */ = {
			isa = PBXProject;
			attributes = {
				BuildIndependentTargetsInParallel = 1;
				LastSwiftUpdateCheck = 1630;
				LastUpgradeCheck = 1630;
				TargetAttributes = {
					3A74FCC12DB40A4700788DD3 = {
						CreatedOnToolsVersion = 16.3;
					};
					3A74FCCE2DB40A4900788DD3 = {
						CreatedOnToolsVersion = 16.3;
						TestTargetID = 3A74FCC12DB40A4700788DD3;
					};
					3A74FCD82DB40A4900788DD3 = {
						CreatedOnToolsVersion = 16.3;
						TestTargetID = 3A74FCC12DB40A4700788DD3;
					};
				};
			};
			buildConfigurationList = 3A74FCBD2DB40A4700788DD3 /* Build configuration list for PBXProject "airaloAssignment" */;
			developmentRegion = en;
			hasScannedForEncodings = 0;
			knownRegions = (
				en,
				Base,
			);
			mainGroup = 3A74FCB92DB40A4700788DD3;
			minimizedProjectReferenceProxies = 1;
			preferredProjectObjectVersion = 77;
			productRefGroup = 3A74FCC32DB40A4700788DD3 /* Products */;
			projectDirPath = "";
			projectRoot = "";
			targets = (
				3A74FCC12DB40A4700788DD3 /* airaloAssignment */,
				3A74FCCE2DB40A4900788DD3 /* airaloAssignmentTests */,
				3A74FCD82DB40A4900788DD3 /* airaloAssignmentUITests */,
			);
		};
/* End PBXProject section */

/* Begin PBXResourcesBuildPhase section */
		3A74FCC02DB40A4700788DD3 /* Resources */ = {
			isa = PBXResourcesBuildPhase;
			buildActionMask = 2147483647;
			files = (
			);
			runOnlyForDeploymentPostprocessing = 0;
		};
		3A74FCCD2DB40A4900788DD3 /* Resources */ = {
			isa = PBXResourcesBuildPhase;
			buildActionMask = 2147483647;
			files = (
			);
			runOnlyForDeploymentPostprocessing = 0;
		};
		3A74FCD72DB40A4900788DD3 /* Resources */ = {
			isa = PBXResourcesBuildPhase;
			buildActionMask = 2147483647;
			files = (
			);
			runOnlyForDeploymentPostprocessing = 0;
		};
/* End PBXResourcesBuildPhase section */

/* Begin PBXSourcesBuildPhase section */
		3A74FCBE2DB40A4700788DD3 /* Sources */ = {
			isa = PBXSourcesBuildPhase;
			buildActionMask = 2147483647;
			files = (
			);
			runOnlyForDeploymentPostprocessing = 0;
		};
		3A74FCCB2DB40A4900788DD3 /* Sources */ = {
			isa = PBXSourcesBuildPhase;
			buildActionMask = 2147483647;
			files = (
			);
			runOnlyForDeploymentPostprocessing = 0;
		};
		3A74FCD52DB40A4900788DD3 /* Sources */ = {
			isa = PBXSourcesBuildPhase;
			buildActionMask = 2147483647;
			files = (
			);
			runOnlyForDeploymentPostprocessing = 0;
		};
/* End PBXSourcesBuildPhase section */

/* Begin PBXTargetDependency section */
		3A74FCD12DB40A4900788DD3 /* PBXTargetDependency */ = {
			isa = PBXTargetDependency;
			target = 3A74FCC12DB40A4700788DD3 /* airaloAssignment */;
			targetProxy = 3A74FCD02DB40A4900788DD3 /* PBXContainerItemProxy */;
		};
		3A74FCDB2DB40A4900788DD3 /* PBXTargetDependency */ = {
			isa = PBXTargetDependency;
			target = 3A74FCC12DB40A4700788DD3 /* airaloAssignment */;
			targetProxy = 3A74FCDA2DB40A4900788DD3 /* PBXContainerItemProxy */;
		};
/* End PBXTargetDependency section */

/* Begin XCBuildConfiguration section */
		3A74FCE12DB40A4900788DD3 /* Debug */ = {
			isa = XCBuildConfiguration;
			buildSettings = {
				ALWAYS_SEARCH_USER_PATHS = NO;
				ASSETCATALOG_COMPILER_GENERATE_SWIFT_ASSET_SYMBOL_EXTENSIONS = YES;
				CLANG_ANALYZER_NONNULL = YES;
				CLANG_ANALYZER_NUMBER_OBJECT_CONVERSION = YES_AGGRESSIVE;
				CLANG_CXX_LANGUAGE_STANDARD = "gnu++20";
				CLANG_ENABLE_MODULES = YES;
				CLANG_ENABLE_OBJC_ARC = YES;
				CLANG_ENABLE_OBJC_WEAK = YES;
				CLANG_WARN_BLOCK_CAPTURE_AUTORELEASING = YES;
				CLANG_WARN_BOOL_CONVERSION = YES;
				CLANG_WARN_COMMA = YES;
				CLANG_WARN_CONSTANT_CONVERSION = YES;
				CLANG_WARN_DEPRECATED_OBJC_IMPLEMENTATIONS = YES;
				CLANG_WARN_DIRECT_OBJC_ISA_USAGE = YES_ERROR;
				CLANG_WARN_DOCUMENTATION_COMMENTS = YES;
				CLANG_WARN_EMPTY_BODY = YES;
				CLANG_WARN_ENUM_CONVERSION = YES;
				CLANG_WARN_INFINITE_RECURSION = YES;
				CLANG_WARN_INT_CONVERSION = YES;
				CLANG_WARN_NON_LITERAL_NULL_CONVERSION = YES;
				CLANG_WARN_OBJC_IMPLICIT_RETAIN_SELF = YES;
				CLANG_WARN_OBJC_LITERAL_CONVERSION = YES;
				CLANG_WARN_OBJC_ROOT_CLASS = YES_ERROR;
				CLANG_WARN_QUOTED_INCLUDE_IN_FRAMEWORK_HEADER = YES;
				CLANG_WARN_RANGE_LOOP_ANALYSIS = YES;
				CLANG_WARN_STRICT_PROTOTYPES = YES;
				CLANG_WARN_SUSPICIOUS_MOVE = YES;
				CLANG_WARN_UNGUARDED_AVAILABILITY = YES_AGGRESSIVE;
				CLANG_WARN_UNREACHABLE_CODE = YES;
				CLANG_WARN__DUPLICATE_METHOD_MATCH = YES;
				COPY_PHASE_STRIP = NO;
				DEBUG_INFORMATION_FORMAT = dwarf;
				DEVELOPMENT_TEAM = CWD8J9NCB8;
				ENABLE_STRICT_OBJC_MSGSEND = YES;
				ENABLE_TESTABILITY = YES;
				ENABLE_USER_SCRIPT_SANDBOXING = YES;
				GCC_C_LANGUAGE_STANDARD = gnu17;
				GCC_DYNAMIC_NO_PIC = NO;
				GCC_NO_COMMON_BLOCKS = YES;
				GCC_OPTIMIZATION_LEVEL = 0;
				GCC_PREPROCESSOR_DEFINITIONS = (
					"DEBUG=1",
					"$(inherited)",
				);
				GCC_WARN_64_TO_32_BIT_CONVERSION = YES;
				GCC_WARN_ABOUT_RETURN_TYPE = YES_ERROR;
				GCC_WARN_UNDECLARED_SELECTOR = YES;
				GCC_WARN_UNINITIALIZED_AUTOS = YES_AGGRESSIVE;
				GCC_WARN_UNUSED_FUNCTION = YES;
				GCC_WARN_UNUSED_VARIABLE = YES;
				IPHONEOS_DEPLOYMENT_TARGET = 18.4;
				LOCALIZATION_PREFERS_STRING_CATALOGS = YES;
				MTL_ENABLE_DEBUG_INFO = INCLUDE_SOURCE;
				MTL_FAST_MATH = YES;
				ONLY_ACTIVE_ARCH = YES;
				SDKROOT = iphoneos;
				SWIFT_ACTIVE_COMPILATION_CONDITIONS = "DEBUG $(inherited)";
				SWIFT_OPTIMIZATION_LEVEL = "-Onone";
			};
			name = Debug;
		};
		3A74FCE22DB40A4900788DD3 /* Release */ = {
			isa = XCBuildConfiguration;
			buildSettings = {
				ALWAYS_SEARCH_USER_PATHS = NO;
				ASSETCATALOG_COMPILER_GENERATE_SWIFT_ASSET_SYMBOL_EXTENSIONS = YES;
				CLANG_ANALYZER_NONNULL = YES;
				CLANG_ANALYZER_NUMBER_OBJECT_CONVERSION = YES_AGGRESSIVE;
				CLANG_CXX_LANGUAGE_STANDARD = "gnu++20";
				CLANG_ENABLE_MODULES = YES;
				CLANG_ENABLE_OBJC_ARC = YES;
				CLANG_ENABLE_OBJC_WEAK = YES;
				CLANG_WARN_BLOCK_CAPTURE_AUTORELEASING = YES;
				CLANG_WARN_BOOL_CONVERSION = YES;
				CLANG_WARN_COMMA = YES;
				CLANG_WARN_CONSTANT_CONVERSION = YES;
				CLANG_WARN_DEPRECATED_OBJC_IMPLEMENTATIONS = YES;
				CLANG_WARN_DIRECT_OBJC_ISA_USAGE = YES_ERROR;
				CLANG_WARN_DOCUMENTATION_COMMENTS = YES;
				CLANG_WARN_EMPTY_BODY = YES;
				CLANG_WARN_ENUM_CONVERSION = YES;
				CLANG_WARN_INFINITE_RECURSION = YES;
				CLANG_WARN_INT_CONVERSION = YES;
				CLANG_WARN_NON_LITERAL_NULL_CONVERSION = YES;
				CLANG_WARN_OBJC_IMPLICIT_RETAIN_SELF = YES;
				CLANG_WARN_OBJC_LITERAL_CONVERSION = YES;
				CLANG_WARN_OBJC_ROOT_CLASS = YES_ERROR;
				CLANG_WARN_QUOTED_INCLUDE_IN_FRAMEWORK_HEADER = YES;
				CLANG_WARN_RANGE_LOOP_ANALYSIS = YES;
				CLANG_WARN_STRICT_PROTOTYPES = YES;
				CLANG_WARN_SUSPICIOUS_MOVE = YES;
				CLANG_WARN_UNGUARDED_AVAILABILITY = YES_AGGRESSIVE;
				CLANG_WARN_UNREACHABLE_CODE = YES;
				CLANG_WARN__DUPLICATE_METHOD_MATCH = YES;
				COPY_PHASE_STRIP = NO;
				DEBUG_INFORMATION_FORMAT = "dwarf-with-dsym";
				DEVELOPMENT_TEAM = CWD8J9NCB8;
				ENABLE_NS_ASSERTIONS = NO;
				ENABLE_STRICT_OBJC_MSGSEND = YES;
				ENABLE_USER_SCRIPT_SANDBOXING = YES;
				GCC_C_LANGUAGE_STANDARD = gnu17;
				GCC_NO_COMMON_BLOCKS = YES;
				GCC_WARN_64_TO_32_BIT_CONVERSION = YES;
				GCC_WARN_ABOUT_RETURN_TYPE = YES_ERROR;
				GCC_WARN_UNDECLARED_SELECTOR = YES;
				GCC_WARN_UNINITIALIZED_AUTOS = YES_AGGRESSIVE;
				GCC_WARN_UNUSED_FUNCTION = YES;
				GCC_WARN_UNUSED_VARIABLE = YES;
				IPHONEOS_DEPLOYMENT_TARGET = 18.4;
				LOCALIZATION_PREFERS_STRING_CATALOGS = YES;
				MTL_ENABLE_DEBUG_INFO = NO;
				MTL_FAST_MATH = YES;
				SDKROOT = iphoneos;
				SWIFT_COMPILATION_MODE = wholemodule;
				VALIDATE_PRODUCT = YES;
			};
			name = Release;
		};
		3A74FCE42DB40A4900788DD3 /* Debug */ = {
			isa = XCBuildConfiguration;
			buildSettings = {
				ASSETCATALOG_COMPILER_APPICON_NAME = AppIcon;
				ASSETCATALOG_COMPILER_GLOBAL_ACCENT_COLOR_NAME = AccentColor;
				CODE_SIGN_STYLE = Automatic;
				CURRENT_PROJECT_VERSION = 1;
				DEVELOPMENT_TEAM = CWD8J9NCB8;
				ENABLE_PREVIEWS = YES;
				GENERATE_INFOPLIST_FILE = YES;
				INFOPLIST_KEY_UIApplicationSceneManifest_Generation = YES;
				INFOPLIST_KEY_UIApplicationSupportsIndirectInputEvents = YES;
				INFOPLIST_KEY_UILaunchScreen_Generation = YES;
				INFOPLIST_KEY_UISupportedInterfaceOrientations_iPad = "UIInterfaceOrientationPortrait UIInterfaceOrientationPortraitUpsideDown UIInterfaceOrientationLandscapeLeft UIInterfaceOrientationLandscapeRight";
				INFOPLIST_KEY_UISupportedInterfaceOrientations_iPhone = "UIInterfaceOrientationPortrait UIInterfaceOrientationLandscapeLeft UIInterfaceOrientationLandscapeRight";
				LD_RUNPATH_SEARCH_PATHS = (
					"$(inherited)",
					"@executable_path/Frameworks",
				);
				MARKETING_VERSION = 1.0;
				PRODUCT_BUNDLE_IDENTIFIER = mirkoventura.airaloAssignment;
				PRODUCT_NAME = "$(TARGET_NAME)";
				SUPPORTED_PLATFORMS = "iphoneos iphonesimulator";
				SUPPORTS_MACCATALYST = NO;
				SWIFT_EMIT_LOC_STRINGS = YES;
				SWIFT_VERSION = 5.0;
				TARGETED_DEVICE_FAMILY = 1;
			};
			name = Debug;
		};
		3A74FCE52DB40A4900788DD3 /* Release */ = {
			isa = XCBuildConfiguration;
			buildSettings = {
				ASSETCATALOG_COMPILER_APPICON_NAME = AppIcon;
				ASSETCATALOG_COMPILER_GLOBAL_ACCENT_COLOR_NAME = AccentColor;
				CODE_SIGN_STYLE = Automatic;
				CURRENT_PROJECT_VERSION = 1;
				DEVELOPMENT_TEAM = CWD8J9NCB8;
				ENABLE_PREVIEWS = YES;
				GENERATE_INFOPLIST_FILE = YES;
				INFOPLIST_KEY_UIApplicationSceneManifest_Generation = YES;
				INFOPLIST_KEY_UIApplicationSupportsIndirectInputEvents = YES;
				INFOPLIST_KEY_UILaunchScreen_Generation = YES;
				INFOPLIST_KEY_UISupportedInterfaceOrientations_iPad = "UIInterfaceOrientationPortrait UIInterfaceOrientationPortraitUpsideDown UIInterfaceOrientationLandscapeLeft UIInterfaceOrientationLandscapeRight";
				INFOPLIST_KEY_UISupportedInterfaceOrientations_iPhone = "UIInterfaceOrientationPortrait UIInterfaceOrientationLandscapeLeft UIInterfaceOrientationLandscapeRight";
				LD_RUNPATH_SEARCH_PATHS = (
					"$(inherited)",
					"@executable_path/Frameworks",
				);
				MARKETING_VERSION = 1.0;
				PRODUCT_BUNDLE_IDENTIFIER = mirkoventura.airaloAssignment;
				PRODUCT_NAME = "$(TARGET_NAME)";
				SUPPORTED_PLATFORMS = "iphoneos iphonesimulator";
				SUPPORTS_MACCATALYST = NO;
				SWIFT_EMIT_LOC_STRINGS = YES;
				SWIFT_VERSION = 5.0;
				TARGETED_DEVICE_FAMILY = 1;
			};
			name = Release;
		};
		3A74FCE72DB40A4900788DD3 /* Debug */ = {
			isa = XCBuildConfiguration;
			buildSettings = {
				BUNDLE_LOADER = "$(TEST_HOST)";
				CODE_SIGN_STYLE = Automatic;
				CURRENT_PROJECT_VERSION = 1;
				DEVELOPMENT_TEAM = CWD8J9NCB8;
				GENERATE_INFOPLIST_FILE = YES;
				IPHONEOS_DEPLOYMENT_TARGET = 18.4;
				MARKETING_VERSION = 1.0;
				PRODUCT_BUNDLE_IDENTIFIER = mirkoventura.airaloAssignmentTests;
				PRODUCT_NAME = "$(TARGET_NAME)";
				SWIFT_EMIT_LOC_STRINGS = NO;
				SWIFT_VERSION = 5.0;
				TARGETED_DEVICE_FAMILY = "1,2";
				TEST_HOST = "$(BUILT_PRODUCTS_DIR)/airaloAssignment.app/$(BUNDLE_EXECUTABLE_FOLDER_PATH)/airaloAssignment";
			};
			name = Debug;
		};
		3A74FCE82DB40A4900788DD3 /* Release */ = {
			isa = XCBuildConfiguration;
			buildSettings = {
				BUNDLE_LOADER = "$(TEST_HOST)";
				CODE_SIGN_STYLE = Automatic;
				CURRENT_PROJECT_VERSION = 1;
				DEVELOPMENT_TEAM = CWD8J9NCB8;
				GENERATE_INFOPLIST_FILE = YES;
				IPHONEOS_DEPLOYMENT_TARGET = 18.4;
				MARKETING_VERSION = 1.0;
				PRODUCT_BUNDLE_IDENTIFIER = mirkoventura.airaloAssignmentTests;
				PRODUCT_NAME = "$(TARGET_NAME)";
				SWIFT_EMIT_LOC_STRINGS = NO;
				SWIFT_VERSION = 5.0;
				TARGETED_DEVICE_FAMILY = "1,2";
				TEST_HOST = "$(BUILT_PRODUCTS_DIR)/airaloAssignment.app/$(BUNDLE_EXECUTABLE_FOLDER_PATH)/airaloAssignment";
			};
			name = Release;
		};
		3A74FCEA2DB40A4900788DD3 /* Debug */ = {
			isa = XCBuildConfiguration;
			buildSettings = {
				CODE_SIGN_STYLE = Automatic;
				CURRENT_PROJECT_VERSION = 1;
				DEVELOPMENT_TEAM = CWD8J9NCB8;
				GENERATE_INFOPLIST_FILE = YES;
				MARKETING_VERSION = 1.0;
				PRODUCT_BUNDLE_IDENTIFIER = mirkoventura.airaloAssignmentUITests;
				PRODUCT_NAME = "$(TARGET_NAME)";
				SWIFT_EMIT_LOC_STRINGS = NO;
				SWIFT_VERSION = 5.0;
				TARGETED_DEVICE_FAMILY = "1,2";
				TEST_TARGET_NAME = airaloAssignment;
			};
			name = Debug;
		};
		3A74FCEB2DB40A4900788DD3 /* Release */ = {
			isa = XCBuildConfiguration;
			buildSettings = {
				CODE_SIGN_STYLE = Automatic;
				CURRENT_PROJECT_VERSION = 1;
				DEVELOPMENT_TEAM = CWD8J9NCB8;
				GENERATE_INFOPLIST_FILE = YES;
				MARKETING_VERSION = 1.0;
				PRODUCT_BUNDLE_IDENTIFIER = mirkoventura.airaloAssignmentUITests;
				PRODUCT_NAME = "$(TARGET_NAME)";
				SWIFT_EMIT_LOC_STRINGS = NO;
				SWIFT_VERSION = 5.0;
				TARGETED_DEVICE_FAMILY = "1,2";
				TEST_TARGET_NAME = airaloAssignment;
			};
			name = Release;
		};
/* End XCBuildConfiguration section */

/* Begin XCConfigurationList section */
		3A74FCBD2DB40A4700788DD3 /* Build configuration list for PBXProject "airaloAssignment" */ = {
			isa = XCConfigurationList;
			buildConfigurations = (
				3A74FCE12DB40A4900788DD3 /* Debug */,
				3A74FCE22DB40A4900788DD3 /* Release */,
			);
			defaultConfigurationIsVisible = 0;
			defaultConfigurationName = Release;
		};
		3A74FCE32DB40A4900788DD3 /* Build configuration list for PBXNativeTarget "airaloAssignment" */ = {
			isa = XCConfigurationList;
			buildConfigurations = (
				3A74FCE42DB40A4900788DD3 /* Debug */,
				3A74FCE52DB40A4900788DD3 /* Release */,
			);
			defaultConfigurationIsVisible = 0;
			defaultConfigurationName = Release;
		};
		3A74FCE62DB40A4900788DD3 /* Build configuration list for PBXNativeTarget "airaloAssignmentTests" */ = {
			isa = XCConfigurationList;
			buildConfigurations = (
				3A74FCE72DB40A4900788DD3 /* Debug */,
				3A74FCE82DB40A4900788DD3 /* Release */,
			);
			defaultConfigurationIsVisible = 0;
			defaultConfigurationName = Release;
		};
		3A74FCE92DB40A4900788DD3 /* Build configuration list for PBXNativeTarget "airaloAssignmentUITests" */ = {
			isa = XCConfigurationList;
			buildConfigurations = (
				3A74FCEA2DB40A4900788DD3 /* Debug */,
				3A74FCEB2DB40A4900788DD3 /* Release */,
			);
			defaultConfigurationIsVisible = 0;
			defaultConfigurationName = Release;
		};
/* End XCConfigurationList section */
	};
	rootObject = 3A74FCBA2DB40A4700788DD3 /* Project object */;
}
